{
  "version": 4,
  "terraform_version": "1.1.5",
  "serial": 3,
  "lineage": "eae46fec-59b7-d925-d8f6-88062f5efc37",
  "outputs": {},
  "resources": [
    {
      "mode": "data",
      "type": "azurerm_resource_group",
      "name": "resource_group1",
      "provider": "provider[\"registry.terraform.io/hashicorp/azurerm\"]",
      "instances": [
        {
          "schema_version": 0,
          "attributes": {
            "id": "/subscriptions/6fb768bb-934a-4567-951a-b89d7612eb6e/resourceGroups/VB_RG1",
            "location": "westus",
            "name": "VB_RG1",
            "tags": {},
            "timeouts": null
          },
          "sensitive_attributes": []
        }
      ]
    },
    {
      "mode": "data",
      "type": "azurerm_resource_group",
      "name": "resource_group2",
      "provider": "provider[\"registry.terraform.io/hashicorp/azurerm\"]",
      "instances": [
        {
          "schema_version": 0,
          "attributes": {
            "id": "/subscriptions/6fb768bb-934a-4567-951a-b89d7612eb6e/resourceGroups/VB_RG2",
            "location": "westus",
            "name": "VB_RG2",
            "tags": {},
            "timeouts": null
          },
          "sensitive_attributes": []
        }
      ]
    },
    {
      "mode": "data",
      "type": "azurerm_virtual_network",
      "name": "vnet1",
      "provider": "provider[\"registry.terraform.io/hashicorp/azurerm\"]",
      "instances": [
        {
          "schema_version": 0,
          "attributes": {
            "address_space": [
              "10.10.0.0/16"
            ],
            "dns_servers": [],
            "guid": "3b1bbada-1bce-4233-9fba-efdfccd3a7c1",
            "id": "/subscriptions/6fb768bb-934a-4567-951a-b89d7612eb6e/resourceGroups/VB_RG1/providers/Microsoft.Network/virtualNetworks/vb_vnet1",
            "location": "westus",
            "name": "vb_vnet1",
            "resource_group_name": "VB_RG1",
            "subnets": [
              "subnet1",
              "subnet3",
              "subnet2"
            ],
            "timeouts": null,
            "vnet_peerings": {}
          },
          "sensitive_attributes": []
        }
      ]
    },
    {
      "mode": "data",
      "type": "azurerm_virtual_network",
      "name": "vnet2",
      "provider": "provider[\"registry.terraform.io/hashicorp/azurerm\"]",
      "instances": [
        {
          "schema_version": 0,
          "attributes": {
            "address_space": [
              "10.20.0.0/16"
            ],
            "dns_servers": [],
            "guid": "3a1627e3-cdbc-43ec-aefe-fee90263519c",
            "id": "/subscriptions/6fb768bb-934a-4567-951a-b89d7612eb6e/resourceGroups/VB_RG2/providers/Microsoft.Network/virtualNetworks/vb_vnet2",
            "location": "westus",
            "name": "vb_vnet2",
            "resource_group_name": "VB_RG2",
            "subnets": [
              "subnet6",
              "subnet5",
              "subnet4"
            ],
            "timeouts": null,
            "vnet_peerings": {}
          },
          "sensitive_attributes": []
        }
      ]
    },
    {
      "mode": "managed",
      "type": "azurerm_virtual_network_peering",
      "name": "vnet_peer_1",
      "provider": "provider[\"registry.terraform.io/hashicorp/azurerm\"]",
      "instances": [
        {
          "schema_version": 0,
          "attributes": {
            "allow_forwarded_traffic": true,
            "allow_gateway_transit": false,
            "allow_virtual_network_access": true,
            "id": "/subscriptions/6fb768bb-934a-4567-951a-b89d7612eb6e/resourceGroups/VB_RG1/providers/Microsoft.Network/virtualNetworks/vb_vnet1/virtualNetworkPeerings/vnet1_to_vnet2",
            "name": "vnet1_to_vnet2",
            "remote_virtual_network_id": "/subscriptions/6fb768bb-934a-4567-951a-b89d7612eb6e/resourceGroups/VB_RG2/providers/Microsoft.Network/virtualNetworks/vb_vnet2",
            "resource_group_name": "VB_RG1",
            "timeouts": null,
            "use_remote_gateways": false,
            "virtual_network_name": "vb_vnet1"
          },
          "sensitive_attributes": [],
          "private": "eyJlMmJmYjczMC1lY2FhLTExZTYtOGY4OC0zNDM2M2JjN2M0YzAiOnsiY3JlYXRlIjoxODAwMDAwMDAwMDAwLCJkZWxldGUiOjE4MDAwMDAwMDAwMDAsInJlYWQiOjMwMDAwMDAwMDAwMCwidXBkYXRlIjoxODAwMDAwMDAwMDAwfX0=",
          "dependencies": [
            "data.azurerm_resource_group.resource_group1",
            "data.azurerm_virtual_network.vnet1",
            "data.azurerm_virtual_network.vnet2"
          ]
        }
      ]
    },
    {
      "mode": "managed",
      "type": "azurerm_virtual_network_peering",
      "name": "vnet_peer_2",
      "provider": "provider[\"registry.terraform.io/hashicorp/azurerm\"]",
      "instances": [
        {
          "schema_version": 0,
          "attributes": {
            "allow_forwarded_traffic": true,
            "allow_gateway_transit": false,
            "allow_virtual_network_access": true,
            "id": "/subscriptions/6fb768bb-934a-4567-951a-b89d7612eb6e/resourceGroups/VB_RG2/providers/Microsoft.Network/virtualNetworks/vb_vnet2/virtualNetworkPeerings/vnet2_to_vnet1",
            "name": "vnet2_to_vnet1",
            "remote_virtual_network_id": "/subscriptions/6fb768bb-934a-4567-951a-b89d7612eb6e/resourceGroups/VB_RG1/providers/Microsoft.Network/virtualNetworks/vb_vnet1",
            "resource_group_name": "VB_RG2",
            "timeouts": null,
            "use_remote_gateways": false,
            "virtual_network_name": "vb_vnet2"
          },
          "sensitive_attributes": [],
          "private": "eyJlMmJmYjczMC1lY2FhLTExZTYtOGY4OC0zNDM2M2JjN2M0YzAiOnsiY3JlYXRlIjoxODAwMDAwMDAwMDAwLCJkZWxldGUiOjE4MDAwMDAwMDAwMDAsInJlYWQiOjMwMDAwMDAwMDAwMCwidXBkYXRlIjoxODAwMDAwMDAwMDAwfX0=",
          "dependencies": [
            "data.azurerm_resource_group.resource_group2",
            "data.azurerm_virtual_network.vnet1",
            "data.azurerm_virtual_network.vnet2"
          ]
        }
      ]
    }
  ]
}
